
Microsoft Visual Studio Solution File, Format Version 12.00
# Visual Studio Version 16
VisualStudioVersion = 16.0.29424.173
MinimumVisualStudioVersion = 10.0.40219.1
Project("{FAE04EC0-301F-11D3-BF4B-00C04F79EFBC}") = "Masa.WinServer", "IoT-Server\Masa.WinServer.csproj", "{E5809C04-89FF-4E95-AEB9-0A1C052DDCF3}"
EndProject
Project("{2150E333-8FDC-42A3-9474-1A3956D46DE8}") = "Solution Items", "Solution Items", "{344B9B5A-EE58-40C9-AC0A-10ED29746FBB}"
	ProjectSection(SolutionItems) = preProject
		README.md = README.md
	EndProjectSection
EndProject
Global
	GlobalSection(SolutionConfigurationPlatforms) = preSolution
		Debug|Any CPU = Debug|Any CPU
		Release|Any CPU = Release|Any CPU
	EndGlobalSection
	GlobalSection(ProjectConfigurationPlatforms) = postSolution
		{E5809C04-89FF-4E95-AEB9-0A1C052DDCF3}.Debug|Any CPU.ActiveCfg = Debug|Any CPU
		{E5809C04-89FF-4E95-AEB9-0A1C052DDCF3}.Debug|Any CPU.Build.0 = Debug|Any CPU
		{E5809C04-89FF-4E95-AEB9-0A1C052DDCF3}.Release|Any CPU.ActiveCfg = Release|Any CPU
		{E5809C04-89FF-4E95-AEB9-0A1C052DDCF3}.Release|Any CPU.Build.0 = Release|Any CPU
	EndGlobalSection
	GlobalSection(SolutionProperties) = preSolution
		HideSolutionNode = FALSE
	EndGlobalSection
	GlobalSection(ExtensibilityGlobals) = postSolution
		SolutionGuid = {48B0DDBD-98A2-42CB-A30F-7F2E3274D8CF}
	EndGlobalSection
EndGlobal
