
Microsoft Visual Studio Solution File, Format Version 12.00
# Visual Studio 15
VisualStudioVersion = 15.0.27703.2026
MinimumVisualStudioVersion = 10.0.40219.1
Project("{FAE04EC0-301F-11D3-BF4B-00C04F79EFBC}") = "IoT-Server", "IoT-Server\IoT-Server.csproj", "{E5809C04-89FF-4E95-AEB9-0A1C052DDCF3}"
EndProject
Global
	GlobalSection(SolutionConfigurationPlatforms) = preSolution
		Debug|Any CPU = Debug|Any CPU
		Release|Any CPU = Release|Any CPU
	EndGlobalSection
	GlobalSection(ProjectConfigurationPlatforms) = postSolution
		{E5809C04-89FF-4E95-AEB9-0A1C052DDCF3}.Debug|Any CPU.ActiveCfg = Debug|Any CPU
		{E5809C04-89FF-4E95-AEB9-0A1C052DDCF3}.Debug|Any CPU.Build.0 = Debug|Any CPU
		{E5809C04-89FF-4E95-AEB9-0A1C052DDCF3}.Release|Any CPU.ActiveCfg = Release|Any CPU
		{E5809C04-89FF-4E95-AEB9-0A1C052DDCF3}.Release|Any CPU.Build.0 = Release|Any CPU
	EndGlobalSection
	GlobalSection(SolutionProperties) = preSolution
		HideSolutionNode = FALSE
	EndGlobalSection
	GlobalSection(ExtensibilityGlobals) = postSolution
		SolutionGuid = {48B0DDBD-98A2-42CB-A30F-7F2E3274D8CF}
	EndGlobalSection
EndGlobal
